
Microsoft Visual Studio Solution File, Format Version 12.00
# Visual Studio Version 17
VisualStudioVersion = 17.4.33103.184
MinimumVisualStudioVersion = 10.0.40219.1
Project("{FAE04EC0-301F-11D3-BF4B-00C04F79EFBC}") = "WebApplication1", "WebApplication1\WebApplication1.csproj", "{7769381C-2D67-4F16-84CD-A84963E08F61}"
EndProject
Global
	GlobalSection(SolutionConfigurationPlatforms) = preSolution
		Debug|Any CPU = Debug|Any CPU
		Release|Any CPU = Release|Any CPU
	EndGlobalSection
	GlobalSection(ProjectConfigurationPlatforms) = postSolution
		{7769381C-2D67-4F16-84CD-A84963E08F61}.Debug|Any CPU.ActiveCfg = Debug|Any CPU
		{7769381C-2D67-4F16-84CD-A84963E08F61}.Debug|Any CPU.Build.0 = Debug|Any CPU
		{7769381C-2D67-4F16-84CD-A84963E08F61}.Release|Any CPU.ActiveCfg = Release|Any CPU
		{7769381C-2D67-4F16-84CD-A84963E08F61}.Release|Any CPU.Build.0 = Release|Any CPU
	EndGlobalSection
	GlobalSection(SolutionProperties) = preSolution
		HideSolutionNode = FALSE
	EndGlobalSection
	GlobalSection(ExtensibilityGlobals) = postSolution
		SolutionGuid = {0DAE9A3E-BDF7-4DE3-8DB7-C37B2C9326F8}
	EndGlobalSection
EndGlobal
